
Microsoft Visual Studio Solution File, Format Version 12.00
# Visual Studio Version 17
VisualStudioVersion = 17.1.32421.90
MinimumVisualStudioVersion = 10.0.40219.1
Project("{FAE04EC0-301F-11D3-BF4B-00C04F79EFBC}") = "BlazorEcommerce.Server", "BlazorEcommerce\Server\BlazorEcommerce.Server.csproj", "{EBE81B7D-E417-4374-B0C0-23D5F0018118}"
EndProject
Project("{FAE04EC0-301F-11D3-BF4B-00C04F79EFBC}") = "BlazorEcommerce.Client", "BlazorEcommerce\Client\BlazorEcommerce.Client.csproj", "{24CEEF69-327E-45F9-8F19-C475DC555BA3}"
EndProject
Project("{FAE04EC0-301F-11D3-BF4B-00C04F79EFBC}") = "BlazorEcommerce.Shared", "BlazorEcommerce\Shared\BlazorEcommerce.Shared.csproj", "{79CAC945-93FD-416E-8F18-D6D0C1C21337}"
EndProject
Global
	GlobalSection(SolutionConfigurationPlatforms) = preSolution
		Debug|Any CPU = Debug|Any CPU
		Release|Any CPU = Release|Any CPU
	EndGlobalSection
	GlobalSection(ProjectConfigurationPlatforms) = postSolution
		{EBE81B7D-E417-4374-B0C0-23D5F0018118}.Debug|Any CPU.ActiveCfg = Debug|Any CPU
		{EBE81B7D-E417-4374-B0C0-23D5F0018118}.Debug|Any CPU.Build.0 = Debug|Any CPU
		{EBE81B7D-E417-4374-B0C0-23D5F0018118}.Release|Any CPU.ActiveCfg = Release|Any CPU
		{EBE81B7D-E417-4374-B0C0-23D5F0018118}.Release|Any CPU.Build.0 = Release|Any CPU
		{24CEEF69-327E-45F9-8F19-C475DC555BA3}.Debug|Any CPU.ActiveCfg = Debug|Any CPU
		{24CEEF69-327E-45F9-8F19-C475DC555BA3}.Debug|Any CPU.Build.0 = Debug|Any CPU
		{24CEEF69-327E-45F9-8F19-C475DC555BA3}.Release|Any CPU.ActiveCfg = Release|Any CPU
		{24CEEF69-327E-45F9-8F19-C475DC555BA3}.Release|Any CPU.Build.0 = Release|Any CPU
		{79CAC945-93FD-416E-8F18-D6D0C1C21337}.Debug|Any CPU.ActiveCfg = Debug|Any CPU
		{79CAC945-93FD-416E-8F18-D6D0C1C21337}.Debug|Any CPU.Build.0 = Debug|Any CPU
		{79CAC945-93FD-416E-8F18-D6D0C1C21337}.Release|Any CPU.ActiveCfg = Release|Any CPU
		{79CAC945-93FD-416E-8F18-D6D0C1C21337}.Release|Any CPU.Build.0 = Release|Any CPU
	EndGlobalSection
	GlobalSection(SolutionProperties) = preSolution
		HideSolutionNode = FALSE
	EndGlobalSection
	GlobalSection(ExtensibilityGlobals) = postSolution
		SolutionGuid = {6495C640-99E6-4DA0-AE54-A710EE24918C}
	EndGlobalSection
EndGlobal
